// !$*UTF8*$!
{
	archiveVersion = 1;
	classes = {
	};
	objectVersion = 46;
	objects = {

/* Begin PBXBuildFile section */
		A811803C14B808C000FEADDD /* UIKit.framework in Frameworks */ = {isa = PBXBuildFile; fileRef = A811803B14B808C000FEADDD /* UIKit.framework */; };
		A811803E14B808C000FEADDD /* Foundation.framework in Frameworks */ = {isa = PBXBuildFile; fileRef = A811803D14B808C000FEADDD /* Foundation.framework */; };
		A811804014B808C000FEADDD /* CoreGraphics.framework in Frameworks */ = {isa = PBXBuildFile; fileRef = A811803F14B808C000FEADDD /* CoreGraphics.framework */; };
		A811804614B808C000FEADDD /* InfoPlist.strings in Resources */ = {isa = PBXBuildFile; fileRef = A811804414B808C000FEADDD /* InfoPlist.strings */; };
		A811804814B808C000FEADDD /* main.m in Sources */ = {isa = PBXBuildFile; fileRef = A811804714B808C000FEADDD /* main.m */; };
		A811804C14B808C000FEADDD /* EXAppDelegate.m in Sources */ = {isa = PBXBuildFile; fileRef = A811804B14B808C000FEADDD /* EXAppDelegate.m */; };
		A811804F14B808C000FEADDD /* MainStoryboard_iPhone.storyboard in Resources */ = {isa = PBXBuildFile; fileRef = A811804D14B808C000FEADDD /* MainStoryboard_iPhone.storyboard */; };
		A811805214B808C000FEADDD /* MainStoryboard_iPad.storyboard in Resources */ = {isa = PBXBuildFile; fileRef = A811805014B808C000FEADDD /* MainStoryboard_iPad.storyboard */; };
		A811805514B808C000FEADDD /* EXViewController.m in Sources */ = {isa = PBXBuildFile; fileRef = A811805414B808C000FEADDD /* EXViewController.m */; };
		A811806014B808F500FEADDD /* THWebController.bundle in Resources */ = {isa = PBXBuildFile; fileRef = A811805D14B808F500FEADDD /* THWebController.bundle */; };
		A811806114B808F500FEADDD /* THWebController.m in Sources */ = {isa = PBXBuildFile; fileRef = A811805F14B808F500FEADDD /* THWebController.m */; };
/* End PBXBuildFile section */

/* Begin PBXFileReference section */
		A811803714B808C000FEADDD /* THWebViewControllerExample.app */ = {isa = PBXFileReference; explicitFileType = wrapper.application; includeInIndex = 0; path = THWebViewControllerExample.app; sourceTree = BUILT_PRODUCTS_DIR; };
		A811803B14B808C000FEADDD /* UIKit.framework */ = {isa = PBXFileReference; lastKnownFileType = wrapper.framework; name = UIKit.framework; path = System/Library/Frameworks/UIKit.framework; sourceTree = SDKROOT; };
		A811803D14B808C000FEADDD /* Foundation.framework */ = {isa = PBXFileReference; lastKnownFileType = wrapper.framework; name = Foundation.framework; path = System/Library/Frameworks/Foundation.framework; sourceTree = SDKROOT; };
		A811803F14B808C000FEADDD /* CoreGraphics.framework */ = {isa = PBXFileReference; lastKnownFileType = wrapper.framework; name = CoreGraphics.framework; path = System/Library/Frameworks/CoreGraphics.framework; sourceTree = SDKROOT; };
		A811804314B808C000FEADDD /* THWebViewControllerExample-Info.plist */ = {isa = PBXFileReference; lastKnownFileType = text.plist.xml; path = "THWebViewControllerExample-Info.plist"; sourceTree = "<group>"; };
		A811804514B808C000FEADDD /* en */ = {isa = PBXFileReference; lastKnownFileType = text.plist.strings; name = en; path = en.lproj/InfoPlist.strings; sourceTree = "<group>"; };
		A811804714B808C000FEADDD /* main.m */ = {isa = PBXFileReference; lastKnownFileType = sourcecode.c.objc; path = main.m; sourceTree = "<group>"; };
		A811804914B808C000FEADDD /* THWebViewControllerExample-Prefix.pch */ = {isa = PBXFileReference; lastKnownFileType = sourcecode.c.h; path = "THWebViewControllerExample-Prefix.pch"; sourceTree = "<group>"; };
		A811804A14B808C000FEADDD /* EXAppDelegate.h */ = {isa = PBXFileReference; lastKnownFileType = sourcecode.c.h; path = EXAppDelegate.h; sourceTree = "<group>"; };
		A811804B14B808C000FEADDD /* EXAppDelegate.m */ = {isa = PBXFileReference; lastKnownFileType = sourcecode.c.objc; path = EXAppDelegate.m; sourceTree = "<group>"; };
		A811804E14B808C000FEADDD /* en */ = {isa = PBXFileReference; lastKnownFileType = file.storyboard; name = en; path = en.lproj/MainStoryboard_iPhone.storyboard; sourceTree = "<group>"; };
		A811805114B808C000FEADDD /* en */ = {isa = PBXFileReference; lastKnownFileType = file.storyboard; name = en; path = en.lproj/MainStoryboard_iPad.storyboard; sourceTree = "<group>"; };
		A811805314B808C000FEADDD /* EXViewController.h */ = {isa = PBXFileReference; lastKnownFileType = sourcecode.c.h; path = EXViewController.h; sourceTree = "<group>"; };
		A811805414B808C000FEADDD /* EXViewController.m */ = {isa = PBXFileReference; lastKnownFileType = sourcecode.c.objc; path = EXViewController.m; sourceTree = "<group>"; };
		A811805D14B808F500FEADDD /* THWebController.bundle */ = {isa = PBXFileReference; lastKnownFileType = "wrapper.plug-in"; name = THWebController.bundle; path = ../../THWebViewController/THWebController.bundle; sourceTree = "<group>"; };
		A811805E14B808F500FEADDD /* THWebController.h */ = {isa = PBXFileReference; fileEncoding = 4; lastKnownFileType = sourcecode.c.h; name = THWebController.h; path = ../../THWebViewController/THWebController.h; sourceTree = "<group>"; };
		A811805F14B808F500FEADDD /* THWebController.m */ = {isa = PBXFileReference; fileEncoding = 4; lastKnownFileType = sourcecode.c.objc; name = THWebController.m; path = ../../THWebViewController/THWebController.m; sourceTree = "<group>"; };
/* End PBXFileReference section */

/* Begin PBXFrameworksBuildPhase section */
		A811803414B808BF00FEADDD /* Frameworks */ = {
			isa = PBXFrameworksBuildPhase;
			buildActionMask = 2147483647;
			files = (
				A811803C14B808C000FEADDD /* UIKit.framework in Frameworks */,
				A811803E14B808C000FEADDD /* Foundation.framework in Frameworks */,
				A811804014B808C000FEADDD /* CoreGraphics.framework in Frameworks */,
			);
			runOnlyForDeploymentPostprocessing = 0;
		};
/* End PBXFrameworksBuildPhase section */

/* Begin PBXGroup section */
		A811802C14B808BF00FEADDD = {
			isa = PBXGroup;
			children = (
				A811804114B808C000FEADDD /* THWebViewControllerExample */,
				A811803A14B808C000FEADDD /* Frameworks */,
				A811803814B808C000FEADDD /* Products */,
			);
			sourceTree = "<group>";
		};
		A811803814B808C000FEADDD /* Products */ = {
			isa = PBXGroup;
			children = (
				A811803714B808C000FEADDD /* THWebViewControllerExample.app */,
			);
			name = Products;
			sourceTree = "<group>";
		};
		A811803A14B808C000FEADDD /* Frameworks */ = {
			isa = PBXGroup;
			children = (
				A811803B14B808C000FEADDD /* UIKit.framework */,
				A811803D14B808C000FEADDD /* Foundation.framework */,
				A811803F14B808C000FEADDD /* CoreGraphics.framework */,
			);
			name = Frameworks;
			sourceTree = "<group>";
		};
		A811804114B808C000FEADDD /* THWebViewControllerExample */ = {
			isa = PBXGroup;
			children = (
				A811805B14B808D100FEADDD /* vendor */,
				A811804A14B808C000FEADDD /* EXAppDelegate.h */,
				A811804B14B808C000FEADDD /* EXAppDelegate.m */,
				A811804D14B808C000FEADDD /* MainStoryboard_iPhone.storyboard */,
				A811805014B808C000FEADDD /* MainStoryboard_iPad.storyboard */,
				A811805314B808C000FEADDD /* EXViewController.h */,
				A811805414B808C000FEADDD /* EXViewController.m */,
				A811804214B808C000FEADDD /* Supporting Files */,
			);
			path = THWebViewControllerExample;
			sourceTree = "<group>";
		};
		A811804214B808C000FEADDD /* Supporting Files */ = {
			isa = PBXGroup;
			children = (
				A811804314B808C000FEADDD /* THWebViewControllerExample-Info.plist */,
				A811804414B808C000FEADDD /* InfoPlist.strings */,
				A811804714B808C000FEADDD /* main.m */,
				A811804914B808C000FEADDD /* THWebViewControllerExample-Prefix.pch */,
			);
			name = "Supporting Files";
			sourceTree = "<group>";
		};
		A811805B14B808D100FEADDD /* vendor */ = {
			isa = PBXGroup;
			children = (
				A811805C14B808D800FEADDD /* THWebViewController */,
			);
			name = vendor;
			sourceTree = "<group>";
		};
		A811805C14B808D800FEADDD /* THWebViewController */ = {
			isa = PBXGroup;
			children = (
				A811805D14B808F500FEADDD /* THWebController.bundle */,
				A811805E14B808F500FEADDD /* THWebController.h */,
				A811805F14B808F500FEADDD /* THWebController.m */,
			);
			name = THWebViewController;
			sourceTree = "<group>";
		};
/* End PBXGroup section */

/* Begin PBXNativeTarget section */
		A811803614B808BF00FEADDD /* THWebViewControllerExample */ = {
			isa = PBXNativeTarget;
			buildConfigurationList = A811805814B808C000FEADDD /* Build configuration list for PBXNativeTarget "THWebViewControllerExample" */;
			buildPhases = (
				A811803314B808BF00FEADDD /* Sources */,
				A811803414B808BF00FEADDD /* Frameworks */,
				A811803514B808BF00FEADDD /* Resources */,
			);
			buildRules = (
			);
			dependencies = (
			);
			name = THWebViewControllerExample;
			productName = THWebViewControllerExample;
			productReference = A811803714B808C000FEADDD /* THWebViewControllerExample.app */;
			productType = "com.apple.product-type.application";
		};
/* End PBXNativeTarget section */

/* Begin PBXProject section */
		A811802E14B808BF00FEADDD /* Project object */ = {
			isa = PBXProject;
			attributes = {
				LastUpgradeCheck = 0420;
			};
			buildConfigurationList = A811803114B808BF00FEADDD /* Build configuration list for PBXProject "THWebViewControllerExample" */;
			compatibilityVersion = "Xcode 3.2";
			developmentRegion = English;
			hasScannedForEncodings = 0;
			knownRegions = (
				en,
			);
			mainGroup = A811802C14B808BF00FEADDD;
			productRefGroup = A811803814B808C000FEADDD /* Products */;
			projectDirPath = "";
			projectRoot = "";
			targets = (
				A811803614B808BF00FEADDD /* THWebViewControllerExample */,
			);
		};
/* End PBXProject section */

/* Begin PBXResourcesBuildPhase section */
		A811803514B808BF00FEADDD /* Resources */ = {
			isa = PBXResourcesBuildPhase;
			buildActionMask = 2147483647;
			files = (
				A811804614B808C000FEADDD /* InfoPlist.strings in Resources */,
				A811804F14B808C000FEADDD /* MainStoryboard_iPhone.storyboard in Resources */,
				A811805214B808C000FEADDD /* MainStoryboard_iPad.storyboard in Resources */,
				A811806014B808F500FEADDD /* THWebController.bundle in Resources */,
			);
			runOnlyForDeploymentPostprocessing = 0;
		};
/* End PBXResourcesBuildPhase section */

/* Begin PBXSourcesBuildPhase section */
		A811803314B808BF00FEADDD /* Sources */ = {
			isa = PBXSourcesBuildPhase;
			buildActionMask = 2147483647;
			files = (
				A811804814B808C000FEADDD /* main.m in Sources */,
				A811804C14B808C000FEADDD /* EXAppDelegate.m in Sources */,
				A811805514B808C000FEADDD /* EXViewController.m in Sources */,
				A811806114B808F500FEADDD /* THWebController.m in Sources */,
			);
			runOnlyForDeploymentPostprocessing = 0;
		};
/* End PBXSourcesBuildPhase section */

/* Begin PBXVariantGroup section */
		A811804414B808C000FEADDD /* InfoPlist.strings */ = {
			isa = PBXVariantGroup;
			children = (
				A811804514B808C000FEADDD /* en */,
			);
			name = InfoPlist.strings;
			sourceTree = "<group>";
		};
		A811804D14B808C000FEADDD /* MainStoryboard_iPhone.storyboard */ = {
			isa = PBXVariantGroup;
			children = (
				A811804E14B808C000FEADDD /* en */,
			);
			name = MainStoryboard_iPhone.storyboard;
			sourceTree = "<group>";
		};
		A811805014B808C000FEADDD /* MainStoryboard_iPad.storyboard */ = {
			isa = PBXVariantGroup;
			children = (
				A811805114B808C000FEADDD /* en */,
			);
			name = MainStoryboard_iPad.storyboard;
			sourceTree = "<group>";
		};
/* End PBXVariantGroup section */

/* Begin XCBuildConfiguration section */
		A811805614B808C000FEADDD /* Debug */ = {
			isa = XCBuildConfiguration;
			buildSettings = {
				ALWAYS_SEARCH_USER_PATHS = NO;
				ARCHS = "$(ARCHS_STANDARD_32_BIT)";
				CLANG_ENABLE_OBJC_ARC = YES;
				"CODE_SIGN_IDENTITY[sdk=iphoneos*]" = "iPhone Developer";
				COPY_PHASE_STRIP = NO;
				GCC_C_LANGUAGE_STANDARD = gnu99;
				GCC_DYNAMIC_NO_PIC = NO;
				GCC_OPTIMIZATION_LEVEL = 0;
				GCC_PREPROCESSOR_DEFINITIONS = (
					"DEBUG=1",
					"$(inherited)",
				);
				GCC_SYMBOLS_PRIVATE_EXTERN = NO;
				GCC_VERSION = com.apple.compilers.llvm.clang.1_0;
				GCC_WARN_ABOUT_MISSING_PROTOTYPES = YES;
				GCC_WARN_ABOUT_RETURN_TYPE = YES;
				GCC_WARN_UNUSED_VARIABLE = YES;
				IPHONEOS_DEPLOYMENT_TARGET = 5.0;
				SDKROOT = iphoneos;
				TARGETED_DEVICE_FAMILY = "1,2";
			};
			name = Debug;
		};
		A811805714B808C000FEADDD /* Release */ = {
			isa = XCBuildConfiguration;
			buildSettings = {
				ALWAYS_SEARCH_USER_PATHS = NO;
				ARCHS = "$(ARCHS_STANDARD_32_BIT)";
				CLANG_ENABLE_OBJC_ARC = YES;
				"CODE_SIGN_IDENTITY[sdk=iphoneos*]" = "iPhone Developer";
				COPY_PHASE_STRIP = YES;
				GCC_C_LANGUAGE_STANDARD = gnu99;
				GCC_VERSION = com.apple.compilers.llvm.clang.1_0;
				GCC_WARN_ABOUT_MISSING_PROTOTYPES = YES;
				GCC_WARN_ABOUT_RETURN_TYPE = YES;
				GCC_WARN_UNUSED_VARIABLE = YES;
				IPHONEOS_DEPLOYMENT_TARGET = 5.0;
				OTHER_CFLAGS = "-DNS_BLOCK_ASSERTIONS=1";
				SDKROOT = iphoneos;
				TARGETED_DEVICE_FAMILY = "1,2";
				VALIDATE_PRODUCT = YES;
			};
			name = Release;
		};
		A811805914B808C000FEADDD /* Debug */ = {
			isa = XCBuildConfiguration;
			buildSettings = {
				CLANG_ENABLE_OBJC_ARC = YES;
				GCC_PRECOMPILE_PREFIX_HEADER = YES;
				GCC_PREFIX_HEADER = "THWebViewControllerExample/THWebViewControllerExample-Prefix.pch";
				INFOPLIST_FILE = "THWebViewControllerExample/THWebViewControllerExample-Info.plist";
				PRODUCT_NAME = "$(TARGET_NAME)";
				WRAPPER_EXTENSION = app;
			};
			name = Debug;
		};
		A811805A14B808C000FEADDD /* Release */ = {
			isa = XCBuildConfiguration;
			buildSettings = {
				CLANG_ENABLE_OBJC_ARC = YES;
				GCC_PRECOMPILE_PREFIX_HEADER = YES;
				GCC_PREFIX_HEADER = "THWebViewControllerExample/THWebViewControllerExample-Prefix.pch";
				INFOPLIST_FILE = "THWebViewControllerExample/THWebViewControllerExample-Info.plist";
				PRODUCT_NAME = "$(TARGET_NAME)";
				WRAPPER_EXTENSION = app;
			};
			name = Release;
		};
/* End XCBuildConfiguration section */

/* Begin XCConfigurationList section */
		A811803114B808BF00FEADDD /* Build configuration list for PBXProject "THWebViewControllerExample" */ = {
			isa = XCConfigurationList;
			buildConfigurations = (
				A811805614B808C000FEADDD /* Debug */,
				A811805714B808C000FEADDD /* Release */,
			);
			defaultConfigurationIsVisible = 0;
			defaultConfigurationName = Release;
		};
		A811805814B808C000FEADDD /* Build configuration list for PBXNativeTarget "THWebViewControllerExample" */ = {
			isa = XCConfigurationList;
			buildConfigurations = (
				A811805914B808C000FEADDD /* Debug */,
				A811805A14B808C000FEADDD /* Release */,
			);
			defaultConfigurationIsVisible = 0;
			defaultConfigurationName = Release;
		};
/* End XCConfigurationList section */
	};
	rootObject = A811802E14B808BF00FEADDD /* Project object */;
}
